
Microsoft Visual Studio Solution File, Format Version 12.00
# Visual Studio 2013
VisualStudioVersion = 12.0.21005.1
MinimumVisualStudioVersion = 10.0.40219.1
Project("{F184B08F-C81C-45F6-A57F-5ABD9991F28F}") = "ANA", "ANA.vbproj", "{169E9159-7CCE-429F-9581-8F6121087E4A}"
EndProject
Global
	GlobalSection(SolutionConfigurationPlatforms) = preSolution
		Debug|Any CPU = Debug|Any CPU
		Debug|x86 = Debug|x86
		Release|Any CPU = Release|Any CPU
		Release|x86 = Release|x86
	EndGlobalSection
	GlobalSection(ProjectConfigurationPlatforms) = postSolution
		{169E9159-7CCE-429F-9581-8F6121087E4A}.Debug|Any CPU.ActiveCfg = Debug|Any CPU
		{169E9159-7CCE-429F-9581-8F6121087E4A}.Debug|Any CPU.Build.0 = Debug|Any CPU
		{169E9159-7CCE-429F-9581-8F6121087E4A}.Debug|x86.ActiveCfg = Debug|x86
		{169E9159-7CCE-429F-9581-8F6121087E4A}.Debug|x86.Build.0 = Debug|x86
		{169E9159-7CCE-429F-9581-8F6121087E4A}.Release|Any CPU.ActiveCfg = Release|Any CPU
		{169E9159-7CCE-429F-9581-8F6121087E4A}.Release|Any CPU.Build.0 = Release|Any CPU
		{169E9159-7CCE-429F-9581-8F6121087E4A}.Release|x86.ActiveCfg = Release|x86
		{169E9159-7CCE-429F-9581-8F6121087E4A}.Release|x86.Build.0 = Release|x86
	EndGlobalSection
	GlobalSection(SolutionProperties) = preSolution
		HideSolutionNode = FALSE
	EndGlobalSection
EndGlobal
